
Microsoft Visual Studio Solution File, Format Version 12.00
# Visual Studio Version 16
VisualStudioVersion = 16.0.31702.278
MinimumVisualStudioVersion = 10.0.40219.1
Project("{FAE04EC0-301F-11D3-BF4B-00C04F79EFBC}") = "HW10", "HW10\HW10.csproj", "{7DF6E65A-A2B5-4F96-A7BD-9D43E02D1DE6}"
EndProject
Global
	GlobalSection(SolutionConfigurationPlatforms) = preSolution
		Debug|Any CPU = Debug|Any CPU
		Release|Any CPU = Release|Any CPU
	EndGlobalSection
	GlobalSection(ProjectConfigurationPlatforms) = postSolution
		{7DF6E65A-A2B5-4F96-A7BD-9D43E02D1DE6}.Debug|Any CPU.ActiveCfg = Debug|Any CPU
		{7DF6E65A-A2B5-4F96-A7BD-9D43E02D1DE6}.Debug|Any CPU.Build.0 = Debug|Any CPU
		{7DF6E65A-A2B5-4F96-A7BD-9D43E02D1DE6}.Release|Any CPU.ActiveCfg = Release|Any CPU
		{7DF6E65A-A2B5-4F96-A7BD-9D43E02D1DE6}.Release|Any CPU.Build.0 = Release|Any CPU
	EndGlobalSection
	GlobalSection(SolutionProperties) = preSolution
		HideSolutionNode = FALSE
	EndGlobalSection
	GlobalSection(ExtensibilityGlobals) = postSolution
		SolutionGuid = {F1997FEA-7727-4A64-BE21-0638181311BA}
	EndGlobalSection
EndGlobal
